
Microsoft Visual Studio Solution File, Format Version 12.00
# Visual Studio Version 16
VisualStudioVersion = 16.0.30907.101
MinimumVisualStudioVersion = 10.0.40219.1
Project("{9A19103F-16F7-4668-BE54-9A1E7A4F7556}") = "Sweeper", "Sweeper\Sweeper.csproj", "{61223E93-EC1C-4B4C-939A-EE4DAB52A6CE}"
	ProjectSection(ProjectDependencies) = postProject
		{C5F812A6-8855-479D-AFC6-C0B1ACED201A} = {C5F812A6-8855-479D-AFC6-C0B1ACED201A}
	EndProjectSection
EndProject
Project("{9A19103F-16F7-4668-BE54-9A1E7A4F7556}") = "Sweeper.Core", "Sweeper.Core\Sweeper.Core.csproj", "{C5F812A6-8855-479D-AFC6-C0B1ACED201A}"
EndProject
Global
	GlobalSection(SolutionConfigurationPlatforms) = preSolution
		Debug|Any CPU = Debug|Any CPU
		Release|Any CPU = Release|Any CPU
	EndGlobalSection
	GlobalSection(ProjectConfigurationPlatforms) = postSolution
		{61223E93-EC1C-4B4C-939A-EE4DAB52A6CE}.Debug|Any CPU.ActiveCfg = Debug|Any CPU
		{61223E93-EC1C-4B4C-939A-EE4DAB52A6CE}.Debug|Any CPU.Build.0 = Debug|Any CPU
		{61223E93-EC1C-4B4C-939A-EE4DAB52A6CE}.Release|Any CPU.ActiveCfg = Release|Any CPU
		{61223E93-EC1C-4B4C-939A-EE4DAB52A6CE}.Release|Any CPU.Build.0 = Release|Any CPU
		{C5F812A6-8855-479D-AFC6-C0B1ACED201A}.Debug|Any CPU.ActiveCfg = Debug|Any CPU
		{C5F812A6-8855-479D-AFC6-C0B1ACED201A}.Debug|Any CPU.Build.0 = Debug|Any CPU
		{C5F812A6-8855-479D-AFC6-C0B1ACED201A}.Release|Any CPU.ActiveCfg = Release|Any CPU
		{C5F812A6-8855-479D-AFC6-C0B1ACED201A}.Release|Any CPU.Build.0 = Release|Any CPU
	EndGlobalSection
	GlobalSection(SolutionProperties) = preSolution
		HideSolutionNode = FALSE
	EndGlobalSection
	GlobalSection(ExtensibilityGlobals) = postSolution
		SolutionGuid = {56739070-F2EE-4443-A986-B6A2233ED295}
	EndGlobalSection
EndGlobal
